<?xml version="1.0" encoding="utf-8"?>
<Project ToolsVersion="4.0" xmlns="http://schemas.microsoft.com/developer/msbuild/2003">
  <ItemGroup>
    <Text Include="assembly4_2.asm" />
    <Text Include="assembly4_3.asm" />
    <Text Include="Assembly4_4.asm" />
    <Text Include="assembly4_1.asm" />
  </ItemGroup>
  <ItemGroup>
    <MASM Include="assembly4_5.asm" />
  </ItemGroup>
</Project>